
Microsoft Visual Studio Solution File, Format Version 12.00
# Visual Studio 15
VisualStudioVersion = 15.0.28307.489
MinimumVisualStudioVersion = 10.0.40219.1
Project("{FAE04EC0-301F-11D3-BF4B-00C04F79EFBC}") = "DrinksApp", "DrinksApp\DrinksApp.csproj", "{A97F1DC6-E49D-4632-A04D-35B3EA2294A4}"
EndProject
Global
	GlobalSection(SolutionConfigurationPlatforms) = preSolution
		Debug|Any CPU = Debug|Any CPU
		Release|Any CPU = Release|Any CPU
	EndGlobalSection
	GlobalSection(ProjectConfigurationPlatforms) = postSolution
		{A97F1DC6-E49D-4632-A04D-35B3EA2294A4}.Debug|Any CPU.ActiveCfg = Debug|Any CPU
		{A97F1DC6-E49D-4632-A04D-35B3EA2294A4}.Debug|Any CPU.Build.0 = Debug|Any CPU
		{A97F1DC6-E49D-4632-A04D-35B3EA2294A4}.Release|Any CPU.ActiveCfg = Release|Any CPU
		{A97F1DC6-E49D-4632-A04D-35B3EA2294A4}.Release|Any CPU.Build.0 = Release|Any CPU
	EndGlobalSection
	GlobalSection(SolutionProperties) = preSolution
		HideSolutionNode = FALSE
	EndGlobalSection
	GlobalSection(ExtensibilityGlobals) = postSolution
		SolutionGuid = {D9FAC18F-D18B-472D-B75C-EC2EF4CDCECD}
	EndGlobalSection
EndGlobal
